
Microsoft Visual Studio Solution File, Format Version 12.00
Project("{FAE04EC0-301F-11D3-BF4B-00C04F79EFBC}") = "Dfe.Edis.SourceAdapter.Roatp.FunctionApp", "Dfe.Edis.SourceAdapter.Roatp.FunctionApp\Dfe.Edis.SourceAdapter.Roatp.FunctionApp.csproj", "{2CEE4151-8AAA-4E4C-B9B1-821A0E828EA1}"
EndProject
Project("{FAE04EC0-301F-11D3-BF4B-00C04F79EFBC}") = "Dfe.Edis.SourceAdapter.Roatp.Domain", "Dfe.Edis.SourceAdapter.Roatp.Domain\Dfe.Edis.SourceAdapter.Roatp.Domain.csproj", "{2B892697-ECB5-4A31-B012-0B9098D4D0AB}"
EndProject
Project("{2150E333-8FDC-42A3-9474-1A3956D46DE8}") = "Tests", "Tests", "{A9B8496E-A504-4FF0-960C-A3BFCFADB3A4}"
EndProject
Project("{FAE04EC0-301F-11D3-BF4B-00C04F79EFBC}") = "Dfe.Edis.SourceAdapter.Roatp.FunctionApp.UnitTests", "Dfe.Edis.SourceAdapter.Roatp.FunctionApp.UnitTests\Dfe.Edis.SourceAdapter.Roatp.FunctionApp.UnitTests.csproj", "{EBC18F2F-1247-428A-A74C-7B6917FAE14E}"
EndProject
Project("{2150E333-8FDC-42A3-9474-1A3956D46DE8}") = "Deploy", "Deploy", "{6BED9A66-3B3A-42F7-8CA7-667F56653ADD}"
EndProject
Project("{2150E333-8FDC-42A3-9474-1A3956D46DE8}") = "Build", "Build", "{8F5B11EB-76F9-4B8F-B978-415C15708DDB}"
ProjectSection(SolutionItems) = preProject
	..\pipelines\build.yml = ..\pipelines\build.yml
EndProjectSection
EndProject
Project("{FAE04EC0-301F-11D3-BF4B-00C04F79EFBC}") = "Dfe.Edis.SourceAdapter.Roatp.Application", "Dfe.Edis.SourceAdapter.Roatp.Application\Dfe.Edis.SourceAdapter.Roatp.Application.csproj", "{60A7ED20-CA67-4326-A59D-EB7D88575BD6}"
EndProject
Project("{FAE04EC0-301F-11D3-BF4B-00C04F79EFBC}") = "Dfe.Edis.SourceAdapter.Roatp.Infrastructure.RoatpWebsite", "Dfe.Edis.SourceAdapter.Roatp.Infrastructure.RoatpWebsite\Dfe.Edis.SourceAdapter.Roatp.Infrastructure.RoatpWebsite.csproj", "{424D9BDD-C01E-40CD-BDF0-403B39732A42}"
EndProject
Project("{FAE04EC0-301F-11D3-BF4B-00C04F79EFBC}") = "Dfe.Edis.SourceAdapter.Roatp.Infrastructure.RoatpWebsite.UnitTests", "Dfe.Edis.SourceAdapter.Roatp.Infrastructure.RoatpWebsite.UnitTests\Dfe.Edis.SourceAdapter.Roatp.Infrastructure.RoatpWebsite.UnitTests.csproj", "{C8E1DEB5-7079-453B-A722-8F1B0834C758}"
EndProject
Global
	GlobalSection(SolutionConfigurationPlatforms) = preSolution
		Debug|Any CPU = Debug|Any CPU
		Release|Any CPU = Release|Any CPU
	EndGlobalSection
	GlobalSection(ProjectConfigurationPlatforms) = postSolution
		{2CEE4151-8AAA-4E4C-B9B1-821A0E828EA1}.Debug|Any CPU.ActiveCfg = Debug|Any CPU
		{2CEE4151-8AAA-4E4C-B9B1-821A0E828EA1}.Debug|Any CPU.Build.0 = Debug|Any CPU
		{2CEE4151-8AAA-4E4C-B9B1-821A0E828EA1}.Release|Any CPU.ActiveCfg = Release|Any CPU
		{2CEE4151-8AAA-4E4C-B9B1-821A0E828EA1}.Release|Any CPU.Build.0 = Release|Any CPU
		{2B892697-ECB5-4A31-B012-0B9098D4D0AB}.Debug|Any CPU.ActiveCfg = Debug|Any CPU
		{2B892697-ECB5-4A31-B012-0B9098D4D0AB}.Debug|Any CPU.Build.0 = Debug|Any CPU
		{2B892697-ECB5-4A31-B012-0B9098D4D0AB}.Release|Any CPU.ActiveCfg = Release|Any CPU
		{2B892697-ECB5-4A31-B012-0B9098D4D0AB}.Release|Any CPU.Build.0 = Release|Any CPU
		{EBC18F2F-1247-428A-A74C-7B6917FAE14E}.Debug|Any CPU.ActiveCfg = Debug|Any CPU
		{EBC18F2F-1247-428A-A74C-7B6917FAE14E}.Debug|Any CPU.Build.0 = Debug|Any CPU
		{EBC18F2F-1247-428A-A74C-7B6917FAE14E}.Release|Any CPU.ActiveCfg = Release|Any CPU
		{EBC18F2F-1247-428A-A74C-7B6917FAE14E}.Release|Any CPU.Build.0 = Release|Any CPU
		{60A7ED20-CA67-4326-A59D-EB7D88575BD6}.Debug|Any CPU.ActiveCfg = Debug|Any CPU
		{60A7ED20-CA67-4326-A59D-EB7D88575BD6}.Debug|Any CPU.Build.0 = Debug|Any CPU
		{60A7ED20-CA67-4326-A59D-EB7D88575BD6}.Release|Any CPU.ActiveCfg = Release|Any CPU
		{60A7ED20-CA67-4326-A59D-EB7D88575BD6}.Release|Any CPU.Build.0 = Release|Any CPU
		{424D9BDD-C01E-40CD-BDF0-403B39732A42}.Debug|Any CPU.ActiveCfg = Debug|Any CPU
		{424D9BDD-C01E-40CD-BDF0-403B39732A42}.Debug|Any CPU.Build.0 = Debug|Any CPU
		{424D9BDD-C01E-40CD-BDF0-403B39732A42}.Release|Any CPU.ActiveCfg = Release|Any CPU
		{424D9BDD-C01E-40CD-BDF0-403B39732A42}.Release|Any CPU.Build.0 = Release|Any CPU
		{C8E1DEB5-7079-453B-A722-8F1B0834C758}.Debug|Any CPU.ActiveCfg = Debug|Any CPU
		{C8E1DEB5-7079-453B-A722-8F1B0834C758}.Debug|Any CPU.Build.0 = Debug|Any CPU
		{C8E1DEB5-7079-453B-A722-8F1B0834C758}.Release|Any CPU.ActiveCfg = Release|Any CPU
		{C8E1DEB5-7079-453B-A722-8F1B0834C758}.Release|Any CPU.Build.0 = Release|Any CPU
	EndGlobalSection
	GlobalSection(NestedProjects) = preSolution
		{EBC18F2F-1247-428A-A74C-7B6917FAE14E} = {A9B8496E-A504-4FF0-960C-A3BFCFADB3A4}
		{8F5B11EB-76F9-4B8F-B978-415C15708DDB} = {6BED9A66-3B3A-42F7-8CA7-667F56653ADD}
		{C8E1DEB5-7079-453B-A722-8F1B0834C758} = {A9B8496E-A504-4FF0-960C-A3BFCFADB3A4}
	EndGlobalSection
EndGlobal
